
Microsoft Visual Studio Solution File, Format Version 11.00
# Visual Studio 2010
Project("{FAE04EC0-301F-11D3-BF4B-00C04F79EFBC}") = "SlidingPuzzle_Dev", "Assembly-CSharp.csproj", "{CEEB2B32-4173-7B69-6DEB-B42A2E45E380}"
EndProject
Project("{FAE04EC0-301F-11D3-BF4B-00C04F79EFBC}") = "SlidingPuzzle_Dev", "Assembly-CSharp-Editor.csproj", "{3C28D625-ED17-AB37-944B-A72A541C55AF}"
EndProject
Global
	GlobalSection(SolutionConfigurationPlatforms) = preSolution
		Debug|Any CPU = Debug|Any CPU
		Release|Any CPU = Release|Any CPU
	EndGlobalSection
	GlobalSection(ProjectConfigurationPlatforms) = postSolution
		{CEEB2B32-4173-7B69-6DEB-B42A2E45E380}.Debug|Any CPU.ActiveCfg = Debug|Any CPU
		{CEEB2B32-4173-7B69-6DEB-B42A2E45E380}.Debug|Any CPU.Build.0 = Debug|Any CPU
		{CEEB2B32-4173-7B69-6DEB-B42A2E45E380}.Release|Any CPU.ActiveCfg = Release|Any CPU
		{CEEB2B32-4173-7B69-6DEB-B42A2E45E380}.Release|Any CPU.Build.0 = Release|Any CPU
		{3C28D625-ED17-AB37-944B-A72A541C55AF}.Debug|Any CPU.ActiveCfg = Debug|Any CPU
		{3C28D625-ED17-AB37-944B-A72A541C55AF}.Debug|Any CPU.Build.0 = Debug|Any CPU
		{3C28D625-ED17-AB37-944B-A72A541C55AF}.Release|Any CPU.ActiveCfg = Release|Any CPU
		{3C28D625-ED17-AB37-944B-A72A541C55AF}.Release|Any CPU.Build.0 = Release|Any CPU
	EndGlobalSection
	GlobalSection(SolutionProperties) = preSolution
		HideSolutionNode = FALSE
	EndGlobalSection
	GlobalSection(MonoDevelopProperties) = preSolution
		StartupItem = Assembly-CSharp.csproj
	EndGlobalSection
EndGlobal
